
Microsoft Visual Studio Solution File, Format Version 12.00
# Visual Studio Version 17
VisualStudioVersion = 17.3.32901.215
MinimumVisualStudioVersion = 10.0.40219.1
Project("{9A19103F-16F7-4668-BE54-9A1E7A4F7556}") = "Vl Task", "Vl Task\Vl Task.csproj", "{AC45D660-C37C-4B76-B4E7-88F6DE962E8D}"
EndProject
Project("{FAE04EC0-301F-11D3-BF4B-00C04F79EFBC}") = "RestService", "RestService\RestService.csproj", "{54C6EB94-C7D6-4D9D-ADBA-1EA155030C32}"
EndProject
Project("{FAE04EC0-301F-11D3-BF4B-00C04F79EFBC}") = "Data", "Data\Data.csproj", "{C3DD1947-8DCD-4488-9DC3-EBEC21597A80}"
EndProject
Global
	GlobalSection(SolutionConfigurationPlatforms) = preSolution
		Debug|Any CPU = Debug|Any CPU
		Release|Any CPU = Release|Any CPU
	EndGlobalSection
	GlobalSection(ProjectConfigurationPlatforms) = postSolution
		{AC45D660-C37C-4B76-B4E7-88F6DE962E8D}.Debug|Any CPU.ActiveCfg = Debug|Any CPU
		{AC45D660-C37C-4B76-B4E7-88F6DE962E8D}.Debug|Any CPU.Build.0 = Debug|Any CPU
		{AC45D660-C37C-4B76-B4E7-88F6DE962E8D}.Release|Any CPU.ActiveCfg = Release|Any CPU
		{AC45D660-C37C-4B76-B4E7-88F6DE962E8D}.Release|Any CPU.Build.0 = Release|Any CPU
		{54C6EB94-C7D6-4D9D-ADBA-1EA155030C32}.Debug|Any CPU.ActiveCfg = Debug|Any CPU
		{54C6EB94-C7D6-4D9D-ADBA-1EA155030C32}.Debug|Any CPU.Build.0 = Debug|Any CPU
		{54C6EB94-C7D6-4D9D-ADBA-1EA155030C32}.Release|Any CPU.ActiveCfg = Release|Any CPU
		{54C6EB94-C7D6-4D9D-ADBA-1EA155030C32}.Release|Any CPU.Build.0 = Release|Any CPU
		{C3DD1947-8DCD-4488-9DC3-EBEC21597A80}.Debug|Any CPU.ActiveCfg = Debug|Any CPU
		{C3DD1947-8DCD-4488-9DC3-EBEC21597A80}.Debug|Any CPU.Build.0 = Debug|Any CPU
		{C3DD1947-8DCD-4488-9DC3-EBEC21597A80}.Release|Any CPU.ActiveCfg = Release|Any CPU
		{C3DD1947-8DCD-4488-9DC3-EBEC21597A80}.Release|Any CPU.Build.0 = Release|Any CPU
	EndGlobalSection
	GlobalSection(SolutionProperties) = preSolution
		HideSolutionNode = FALSE
	EndGlobalSection
	GlobalSection(ExtensibilityGlobals) = postSolution
		SolutionGuid = {DFEA4E69-05AD-4E9B-A744-C9800B9580E4}
	EndGlobalSection
EndGlobal
